
Microsoft Visual Studio Solution File, Format Version 12.00
# Visual Studio 15
VisualStudioVersion = 15.0.27428.2015
MinimumVisualStudioVersion = 10.0.40219.1
Project("{FAE04EC0-301F-11D3-BF4B-00C04F79EFBC}") = "TestTask1", "TestTask1\TestTask1.csproj", "{5FBD5F61-78DA-4C53-8104-3D328357CE00}"
EndProject
Project("{FAE04EC0-301F-11D3-BF4B-00C04F79EFBC}") = "Task1Updater", "Task1Updater\Task1Updater.csproj", "{08D43C21-90C2-4F14-B9EB-7EACB8091A27}"
EndProject
Project("{FAE04EC0-301F-11D3-BF4B-00C04F79EFBC}") = "TestTask2", "TestTask2\TestTask2.csproj", "{E1D21129-51B8-4FB9-9C90-CC65D8718FDE}"
EndProject
Global
	GlobalSection(SolutionConfigurationPlatforms) = preSolution
		Debug|Any CPU = Debug|Any CPU
		Release|Any CPU = Release|Any CPU
	EndGlobalSection
	GlobalSection(ProjectConfigurationPlatforms) = postSolution
		{5FBD5F61-78DA-4C53-8104-3D328357CE00}.Debug|Any CPU.ActiveCfg = Debug|Any CPU
		{5FBD5F61-78DA-4C53-8104-3D328357CE00}.Debug|Any CPU.Build.0 = Debug|Any CPU
		{5FBD5F61-78DA-4C53-8104-3D328357CE00}.Release|Any CPU.ActiveCfg = Release|Any CPU
		{5FBD5F61-78DA-4C53-8104-3D328357CE00}.Release|Any CPU.Build.0 = Release|Any CPU
		{08D43C21-90C2-4F14-B9EB-7EACB8091A27}.Debug|Any CPU.ActiveCfg = Debug|Any CPU
		{08D43C21-90C2-4F14-B9EB-7EACB8091A27}.Debug|Any CPU.Build.0 = Debug|Any CPU
		{08D43C21-90C2-4F14-B9EB-7EACB8091A27}.Release|Any CPU.ActiveCfg = Release|Any CPU
		{08D43C21-90C2-4F14-B9EB-7EACB8091A27}.Release|Any CPU.Build.0 = Release|Any CPU
		{E1D21129-51B8-4FB9-9C90-CC65D8718FDE}.Debug|Any CPU.ActiveCfg = Debug|Any CPU
		{E1D21129-51B8-4FB9-9C90-CC65D8718FDE}.Debug|Any CPU.Build.0 = Debug|Any CPU
		{E1D21129-51B8-4FB9-9C90-CC65D8718FDE}.Release|Any CPU.ActiveCfg = Release|Any CPU
		{E1D21129-51B8-4FB9-9C90-CC65D8718FDE}.Release|Any CPU.Build.0 = Release|Any CPU
	EndGlobalSection
	GlobalSection(SolutionProperties) = preSolution
		HideSolutionNode = FALSE
	EndGlobalSection
	GlobalSection(ExtensibilityGlobals) = postSolution
		SolutionGuid = {5C581FC0-D9DD-4F51-A1BC-548A2907CE44}
	EndGlobalSection
EndGlobal
